// !$*UTF8*$!
{
	archiveVersion = 1;
	classes = {
	};
	objectVersion = 50;
	objects = {

/* Begin PBXBuildFile section */
		33512854247BB4DE005643D4 /* AppDelegate.swift in Sources */ = {isa = PBXBuildFile; fileRef = 33512853247BB4DE005643D4 /* AppDelegate.swift */; };
		33512856247BB4DE005643D4 /* SceneDelegate.swift in Sources */ = {isa = PBXBuildFile; fileRef = 33512855247BB4DE005643D4 /* SceneDelegate.swift */; };
		33512858247BB4DE005643D4 /* BaseViewController.swift in Sources */ = {isa = PBXBuildFile; fileRef = 33512857247BB4DE005643D4 /* BaseViewController.swift */; };
		3351285B247BB4DE005643D4 /* Main.storyboard in Resources */ = {isa = PBXBuildFile; fileRef = 33512859247BB4DE005643D4 /* Main.storyboard */; };
		3351285D247BB4E0005643D4 /* Assets.xcassets in Resources */ = {isa = PBXBuildFile; fileRef = 3351285C247BB4E0005643D4 /* Assets.xcassets */; };
		33512860247BB4E0005643D4 /* LaunchScreen.storyboard in Resources */ = {isa = PBXBuildFile; fileRef = 3351285E247BB4E0005643D4 /* LaunchScreen.storyboard */; };
		33512869247BB654005643D4 /* HelperUtilities.swift in Sources */ = {isa = PBXBuildFile; fileRef = 33512868247BB654005643D4 /* HelperUtilities.swift */; };
		3351286B247BC9F5005643D4 /* LoginViewController.swift in Sources */ = {isa = PBXBuildFile; fileRef = 3351286A247BC9F5005643D4 /* LoginViewController.swift */; };
		3351286D247BDD80005643D4 /* MenuViewController.swift in Sources */ = {isa = PBXBuildFile; fileRef = 3351286C247BDD80005643D4 /* MenuViewController.swift */; };
		33512870247BFA80005643D4 /* MenuHeaderTableViewCell.swift in Sources */ = {isa = PBXBuildFile; fileRef = 3351286F247BFA80005643D4 /* MenuHeaderTableViewCell.swift */; };
		33512872247BFA95005643D4 /* MenuTitleTableViewCell.swift in Sources */ = {isa = PBXBuildFile; fileRef = 33512871247BFA95005643D4 /* MenuTitleTableViewCell.swift */; };
		4D2B7C95247D0F1300D9083D /* PersonalInfoViewController.swift in Sources */ = {isa = PBXBuildFile; fileRef = 4D2B7C94247D0F1300D9083D /* PersonalInfoViewController.swift */; };
		4D2B7C97247D0F2B00D9083D /* JobInfoViewController.swift in Sources */ = {isa = PBXBuildFile; fileRef = 4D2B7C96247D0F2B00D9083D /* JobInfoViewController.swift */; };
		4D3553A5247CEF5D00C07170 /* HomeScreenViewController.swift in Sources */ = {isa = PBXBuildFile; fileRef = 4D3553A4247CEF5D00C07170 /* HomeScreenViewController.swift */; };
		4D3553A8247CEFC700C07170 /* HomeScreen.storyboard in Resources */ = {isa = PBXBuildFile; fileRef = 4D3553A7247CEFC700C07170 /* HomeScreen.storyboard */; };
		4DBC0888247D7C11001820CD /* ProfileImageCell.swift in Sources */ = {isa = PBXBuildFile; fileRef = 4DBC0887247D7C11001820CD /* ProfileImageCell.swift */; };
		4DBC088A247D7C23001820CD /* DetailSelectionCell.swift in Sources */ = {isa = PBXBuildFile; fileRef = 4DBC0889247D7C23001820CD /* DetailSelectionCell.swift */; };
		4DBC088C247D7C33001820CD /* ConatinerCell.swift in Sources */ = {isa = PBXBuildFile; fileRef = 4DBC088B247D7C33001820CD /* ConatinerCell.swift */; };
		4DD1C709247E11D900FAEB1A /* PersonalDetailCell.swift in Sources */ = {isa = PBXBuildFile; fileRef = 4DD1C708247E11D900FAEB1A /* PersonalDetailCell.swift */; };
		4DD1C70B247E11F100FAEB1A /* AddressCell.swift in Sources */ = {isa = PBXBuildFile; fileRef = 4DD1C70A247E11F100FAEB1A /* AddressCell.swift */; };
		4DD1C70D247E129200FAEB1A /* JobDetailCell.swift in Sources */ = {isa = PBXBuildFile; fileRef = 4DD1C70C247E129200FAEB1A /* JobDetailCell.swift */; };
		4DD1C70F247E12BB00FAEB1A /* SalaryDetailCell.swift in Sources */ = {isa = PBXBuildFile; fileRef = 4DD1C70E247E12BB00FAEB1A /* SalaryDetailCell.swift */; };
/* End PBXBuildFile section */

/* Begin PBXFileReference section */
		33512850247BB4DE005643D4 /* DemoApplication.app */ = {isa = PBXFileReference; explicitFileType = wrapper.application; includeInIndex = 0; path = DemoApplication.app; sourceTree = BUILT_PRODUCTS_DIR; };
		33512853247BB4DE005643D4 /* AppDelegate.swift */ = {isa = PBXFileReference; lastKnownFileType = sourcecode.swift; path = AppDelegate.swift; sourceTree = "<group>"; };
		33512855247BB4DE005643D4 /* SceneDelegate.swift */ = {isa = PBXFileReference; lastKnownFileType = sourcecode.swift; path = SceneDelegate.swift; sourceTree = "<group>"; };
		33512857247BB4DE005643D4 /* BaseViewController.swift */ = {isa = PBXFileReference; lastKnownFileType = sourcecode.swift; path = BaseViewController.swift; sourceTree = "<group>"; };
		3351285A247BB4DE005643D4 /* Base */ = {isa = PBXFileReference; lastKnownFileType = file.storyboard; name = Base; path = Base.lproj/Main.storyboard; sourceTree = "<group>"; };
		3351285C247BB4E0005643D4 /* Assets.xcassets */ = {isa = PBXFileReference; lastKnownFileType = folder.assetcatalog; path = Assets.xcassets; sourceTree = "<group>"; };
		3351285F247BB4E0005643D4 /* Base */ = {isa = PBXFileReference; lastKnownFileType = file.storyboard; name = Base; path = Base.lproj/LaunchScreen.storyboard; sourceTree = "<group>"; };
		33512861247BB4E0005643D4 /* Info.plist */ = {isa = PBXFileReference; lastKnownFileType = text.plist.xml; path = Info.plist; sourceTree = "<group>"; };
		33512868247BB654005643D4 /* HelperUtilities.swift */ = {isa = PBXFileReference; lastKnownFileType = sourcecode.swift; path = HelperUtilities.swift; sourceTree = "<group>"; };
		3351286A247BC9F5005643D4 /* LoginViewController.swift */ = {isa = PBXFileReference; lastKnownFileType = sourcecode.swift; path = LoginViewController.swift; sourceTree = "<group>"; };
		3351286C247BDD80005643D4 /* MenuViewController.swift */ = {isa = PBXFileReference; lastKnownFileType = sourcecode.swift; path = MenuViewController.swift; sourceTree = "<group>"; };
		3351286F247BFA80005643D4 /* MenuHeaderTableViewCell.swift */ = {isa = PBXFileReference; lastKnownFileType = sourcecode.swift; path = MenuHeaderTableViewCell.swift; sourceTree = "<group>"; };
		33512871247BFA95005643D4 /* MenuTitleTableViewCell.swift */ = {isa = PBXFileReference; lastKnownFileType = sourcecode.swift; path = MenuTitleTableViewCell.swift; sourceTree = "<group>"; };
		4D2B7C94247D0F1300D9083D /* PersonalInfoViewController.swift */ = {isa = PBXFileReference; lastKnownFileType = sourcecode.swift; path = PersonalInfoViewController.swift; sourceTree = "<group>"; };
		4D2B7C96247D0F2B00D9083D /* JobInfoViewController.swift */ = {isa = PBXFileReference; lastKnownFileType = sourcecode.swift; path = JobInfoViewController.swift; sourceTree = "<group>"; };
		4D3553A4247CEF5D00C07170 /* HomeScreenViewController.swift */ = {isa = PBXFileReference; lastKnownFileType = sourcecode.swift; path = HomeScreenViewController.swift; sourceTree = "<group>"; };
		4D3553A7247CEFC700C07170 /* HomeScreen.storyboard */ = {isa = PBXFileReference; lastKnownFileType = file.storyboard; path = HomeScreen.storyboard; sourceTree = "<group>"; };
		4DBC0887247D7C11001820CD /* ProfileImageCell.swift */ = {isa = PBXFileReference; lastKnownFileType = sourcecode.swift; path = ProfileImageCell.swift; sourceTree = "<group>"; };
		4DBC0889247D7C23001820CD /* DetailSelectionCell.swift */ = {isa = PBXFileReference; lastKnownFileType = sourcecode.swift; path = DetailSelectionCell.swift; sourceTree = "<group>"; };
		4DBC088B247D7C33001820CD /* ConatinerCell.swift */ = {isa = PBXFileReference; lastKnownFileType = sourcecode.swift; path = ConatinerCell.swift; sourceTree = "<group>"; };
		4DD1C708247E11D900FAEB1A /* PersonalDetailCell.swift */ = {isa = PBXFileReference; lastKnownFileType = sourcecode.swift; path = PersonalDetailCell.swift; sourceTree = "<group>"; };
		4DD1C70A247E11F100FAEB1A /* AddressCell.swift */ = {isa = PBXFileReference; lastKnownFileType = sourcecode.swift; path = AddressCell.swift; sourceTree = "<group>"; };
		4DD1C70C247E129200FAEB1A /* JobDetailCell.swift */ = {isa = PBXFileReference; lastKnownFileType = sourcecode.swift; path = JobDetailCell.swift; sourceTree = "<group>"; };
		4DD1C70E247E12BB00FAEB1A /* SalaryDetailCell.swift */ = {isa = PBXFileReference; lastKnownFileType = sourcecode.swift; path = SalaryDetailCell.swift; sourceTree = "<group>"; };
/* End PBXFileReference section */

/* Begin PBXFrameworksBuildPhase section */
		3351284D247BB4DE005643D4 /* Frameworks */ = {
			isa = PBXFrameworksBuildPhase;
			buildActionMask = 2147483647;
			files = (
			);
			runOnlyForDeploymentPostprocessing = 0;
		};
/* End PBXFrameworksBuildPhase section */

/* Begin PBXGroup section */
		33512847247BB4DE005643D4 = {
			isa = PBXGroup;
			children = (
				33512852247BB4DE005643D4 /* DemoApplication */,
				33512851247BB4DE005643D4 /* Products */,
			);
			sourceTree = "<group>";
		};
		33512851247BB4DE005643D4 /* Products */ = {
			isa = PBXGroup;
			children = (
				33512850247BB4DE005643D4 /* DemoApplication.app */,
			);
			name = Products;
			sourceTree = "<group>";
		};
		33512852247BB4DE005643D4 /* DemoApplication */ = {
			isa = PBXGroup;
			children = (
				4D3553A3247CEF1F00C07170 /* HomeScreen */,
				3351286E247BF9FC005643D4 /* TableViewCell */,
				33512867247BB5F5005643D4 /* Utilities */,
				33512853247BB4DE005643D4 /* AppDelegate.swift */,
				33512855247BB4DE005643D4 /* SceneDelegate.swift */,
				33512857247BB4DE005643D4 /* BaseViewController.swift */,
				3351286A247BC9F5005643D4 /* LoginViewController.swift */,
				3351286C247BDD80005643D4 /* MenuViewController.swift */,
				33512859247BB4DE005643D4 /* Main.storyboard */,
				3351285C247BB4E0005643D4 /* Assets.xcassets */,
				3351285E247BB4E0005643D4 /* LaunchScreen.storyboard */,
				33512861247BB4E0005643D4 /* Info.plist */,
			);
			path = DemoApplication;
			sourceTree = "<group>";
		};
		33512867247BB5F5005643D4 /* Utilities */ = {
			isa = PBXGroup;
			children = (
				33512868247BB654005643D4 /* HelperUtilities.swift */,
			);
			path = Utilities;
			sourceTree = "<group>";
		};
		3351286E247BF9FC005643D4 /* TableViewCell */ = {
			isa = PBXGroup;
			children = (
				3351286F247BFA80005643D4 /* MenuHeaderTableViewCell.swift */,
				33512871247BFA95005643D4 /* MenuTitleTableViewCell.swift */,
			);
			path = TableViewCell;
			sourceTree = "<group>";
		};
		4D2B7C98247D133500D9083D /* TableViewCell */ = {
			isa = PBXGroup;
			children = (
				4DBC0887247D7C11001820CD /* ProfileImageCell.swift */,
				4DBC0889247D7C23001820CD /* DetailSelectionCell.swift */,
				4DBC088B247D7C33001820CD /* ConatinerCell.swift */,
				4DD1C708247E11D900FAEB1A /* PersonalDetailCell.swift */,
				4DD1C70A247E11F100FAEB1A /* AddressCell.swift */,
				4DD1C70C247E129200FAEB1A /* JobDetailCell.swift */,
				4DD1C70E247E12BB00FAEB1A /* SalaryDetailCell.swift */,
			);
			path = TableViewCell;
			sourceTree = "<group>";
		};
		4D3553A3247CEF1F00C07170 /* HomeScreen */ = {
			isa = PBXGroup;
			children = (
				4D2B7C98247D133500D9083D /* TableViewCell */,
				4D3553A9247CEFCC00C07170 /* ViewController */,
				4D3553A6247CEF6200C07170 /* Storyboard */,
			);
			path = HomeScreen;
			sourceTree = "<group>";
		};
		4D3553A6247CEF6200C07170 /* Storyboard */ = {
			isa = PBXGroup;
			children = (
				4D3553A7247CEFC700C07170 /* HomeScreen.storyboard */,
			);
			path = Storyboard;
			sourceTree = "<group>";
		};
		4D3553A9247CEFCC00C07170 /* ViewController */ = {
			isa = PBXGroup;
			children = (
				4D3553A4247CEF5D00C07170 /* HomeScreenViewController.swift */,
				4D2B7C94247D0F1300D9083D /* PersonalInfoViewController.swift */,
				4D2B7C96247D0F2B00D9083D /* JobInfoViewController.swift */,
			);
			path = ViewController;
			sourceTree = "<group>";
		};
/* End PBXGroup section */

/* Begin PBXNativeTarget section */
		3351284F247BB4DE005643D4 /* DemoApplication */ = {
			isa = PBXNativeTarget;
			buildConfigurationList = 33512864247BB4E0005643D4 /* Build configuration list for PBXNativeTarget "DemoApplication" */;
			buildPhases = (
				3351284C247BB4DE005643D4 /* Sources */,
				3351284D247BB4DE005643D4 /* Frameworks */,
				3351284E247BB4DE005643D4 /* Resources */,
			);
			buildRules = (
			);
			dependencies = (
			);
			name = DemoApplication;
			productName = DemoApplication;
			productReference = 33512850247BB4DE005643D4 /* DemoApplication.app */;
			productType = "com.apple.product-type.application";
		};
/* End PBXNativeTarget section */

/* Begin PBXProject section */
		33512848247BB4DE005643D4 /* Project object */ = {
			isa = PBXProject;
			attributes = {
				LastSwiftUpdateCheck = 1140;
				LastUpgradeCheck = 1140;
				ORGANIZATIONNAME = "Sandeep Kakde";
				TargetAttributes = {
					3351284F247BB4DE005643D4 = {
						CreatedOnToolsVersion = 11.4.1;
					};
				};
			};
			buildConfigurationList = 3351284B247BB4DE005643D4 /* Build configuration list for PBXProject "DemoApplication" */;
			compatibilityVersion = "Xcode 9.3";
			developmentRegion = en;
			hasScannedForEncodings = 0;
			knownRegions = (
				en,
				Base,
			);
			mainGroup = 33512847247BB4DE005643D4;
			productRefGroup = 33512851247BB4DE005643D4 /* Products */;
			projectDirPath = "";
			projectRoot = "";
			targets = (
				3351284F247BB4DE005643D4 /* DemoApplication */,
			);
		};
/* End PBXProject section */

/* Begin PBXResourcesBuildPhase section */
		3351284E247BB4DE005643D4 /* Resources */ = {
			isa = PBXResourcesBuildPhase;
			buildActionMask = 2147483647;
			files = (
				33512860247BB4E0005643D4 /* LaunchScreen.storyboard in Resources */,
				4D3553A8247CEFC700C07170 /* HomeScreen.storyboard in Resources */,
				3351285D247BB4E0005643D4 /* Assets.xcassets in Resources */,
				3351285B247BB4DE005643D4 /* Main.storyboard in Resources */,
			);
			runOnlyForDeploymentPostprocessing = 0;
		};
/* End PBXResourcesBuildPhase section */

/* Begin PBXSourcesBuildPhase section */
		3351284C247BB4DE005643D4 /* Sources */ = {
			isa = PBXSourcesBuildPhase;
			buildActionMask = 2147483647;
			files = (
				33512869247BB654005643D4 /* HelperUtilities.swift in Sources */,
				33512872247BFA95005643D4 /* MenuTitleTableViewCell.swift in Sources */,
				4DD1C70F247E12BB00FAEB1A /* SalaryDetailCell.swift in Sources */,
				4DD1C70B247E11F100FAEB1A /* AddressCell.swift in Sources */,
				4D2B7C95247D0F1300D9083D /* PersonalInfoViewController.swift in Sources */,
				4DD1C709247E11D900FAEB1A /* PersonalDetailCell.swift in Sources */,
				4DBC088C247D7C33001820CD /* ConatinerCell.swift in Sources */,
				3351286D247BDD80005643D4 /* MenuViewController.swift in Sources */,
				33512870247BFA80005643D4 /* MenuHeaderTableViewCell.swift in Sources */,
				4DBC0888247D7C11001820CD /* ProfileImageCell.swift in Sources */,
				33512858247BB4DE005643D4 /* BaseViewController.swift in Sources */,
				4DBC088A247D7C23001820CD /* DetailSelectionCell.swift in Sources */,
				4D3553A5247CEF5D00C07170 /* HomeScreenViewController.swift in Sources */,
				4D2B7C97247D0F2B00D9083D /* JobInfoViewController.swift in Sources */,
				4DD1C70D247E129200FAEB1A /* JobDetailCell.swift in Sources */,
				33512854247BB4DE005643D4 /* AppDelegate.swift in Sources */,
				3351286B247BC9F5005643D4 /* LoginViewController.swift in Sources */,
				33512856247BB4DE005643D4 /* SceneDelegate.swift in Sources */,
			);
			runOnlyForDeploymentPostprocessing = 0;
		};
/* End PBXSourcesBuildPhase section */

/* Begin PBXVariantGroup section */
		33512859247BB4DE005643D4 /* Main.storyboard */ = {
			isa = PBXVariantGroup;
			children = (
				3351285A247BB4DE005643D4 /* Base */,
			);
			name = Main.storyboard;
			sourceTree = "<group>";
		};
		3351285E247BB4E0005643D4 /* LaunchScreen.storyboard */ = {
			isa = PBXVariantGroup;
			children = (
				3351285F247BB4E0005643D4 /* Base */,
			);
			name = LaunchScreen.storyboard;
			sourceTree = "<group>";
		};
/* End PBXVariantGroup section */

/* Begin XCBuildConfiguration section */
		33512862247BB4E0005643D4 /* Debug */ = {
			isa = XCBuildConfiguration;
			buildSettings = {
				ALWAYS_SEARCH_USER_PATHS = NO;
				CLANG_ANALYZER_NONNULL = YES;
				CLANG_ANALYZER_NUMBER_OBJECT_CONVERSION = YES_AGGRESSIVE;
				CLANG_CXX_LANGUAGE_STANDARD = "gnu++14";
				CLANG_CXX_LIBRARY = "libc++";
				CLANG_ENABLE_MODULES = YES;
				CLANG_ENABLE_OBJC_ARC = YES;
				CLANG_ENABLE_OBJC_WEAK = YES;
				CLANG_WARN_BLOCK_CAPTURE_AUTORELEASING = YES;
				CLANG_WARN_BOOL_CONVERSION = YES;
				CLANG_WARN_COMMA = YES;
				CLANG_WARN_CONSTANT_CONVERSION = YES;
				CLANG_WARN_DEPRECATED_OBJC_IMPLEMENTATIONS = YES;
				CLANG_WARN_DIRECT_OBJC_ISA_USAGE = YES_ERROR;
				CLANG_WARN_DOCUMENTATION_COMMENTS = YES;
				CLANG_WARN_EMPTY_BODY = YES;
				CLANG_WARN_ENUM_CONVERSION = YES;
				CLANG_WARN_INFINITE_RECURSION = YES;
				CLANG_WARN_INT_CONVERSION = YES;
				CLANG_WARN_NON_LITERAL_NULL_CONVERSION = YES;
				CLANG_WARN_OBJC_IMPLICIT_RETAIN_SELF = YES;
				CLANG_WARN_OBJC_LITERAL_CONVERSION = YES;
				CLANG_WARN_OBJC_ROOT_CLASS = YES_ERROR;
				CLANG_WARN_RANGE_LOOP_ANALYSIS = YES;
				CLANG_WARN_STRICT_PROTOTYPES = YES;
				CLANG_WARN_SUSPICIOUS_MOVE = YES;
				CLANG_WARN_UNGUARDED_AVAILABILITY = YES_AGGRESSIVE;
				CLANG_WARN_UNREACHABLE_CODE = YES;
				CLANG_WARN__DUPLICATE_METHOD_MATCH = YES;
				COPY_PHASE_STRIP = NO;
				DEBUG_INFORMATION_FORMAT = dwarf;
				ENABLE_STRICT_OBJC_MSGSEND = YES;
				ENABLE_TESTABILITY = YES;
				GCC_C_LANGUAGE_STANDARD = gnu11;
				GCC_DYNAMIC_NO_PIC = NO;
				GCC_NO_COMMON_BLOCKS = YES;
				GCC_OPTIMIZATION_LEVEL = 0;
				GCC_PREPROCESSOR_DEFINITIONS = (
					"DEBUG=1",
					"$(inherited)",
				);
				GCC_WARN_64_TO_32_BIT_CONVERSION = YES;
				GCC_WARN_ABOUT_RETURN_TYPE = YES_ERROR;
				GCC_WARN_UNDECLARED_SELECTOR = YES;
				GCC_WARN_UNINITIALIZED_AUTOS = YES_AGGRESSIVE;
				GCC_WARN_UNUSED_FUNCTION = YES;
				GCC_WARN_UNUSED_VARIABLE = YES;
				IPHONEOS_DEPLOYMENT_TARGET = 13.4;
				MTL_ENABLE_DEBUG_INFO = INCLUDE_SOURCE;
				MTL_FAST_MATH = YES;
				ONLY_ACTIVE_ARCH = YES;
				SDKROOT = iphoneos;
				SWIFT_ACTIVE_COMPILATION_CONDITIONS = DEBUG;
				SWIFT_OPTIMIZATION_LEVEL = "-Onone";
			};
			name = Debug;
		};
		33512863247BB4E0005643D4 /* Release */ = {
			isa = XCBuildConfiguration;
			buildSettings = {
				ALWAYS_SEARCH_USER_PATHS = NO;
				CLANG_ANALYZER_NONNULL = YES;
				CLANG_ANALYZER_NUMBER_OBJECT_CONVERSION = YES_AGGRESSIVE;
				CLANG_CXX_LANGUAGE_STANDARD = "gnu++14";
				CLANG_CXX_LIBRARY = "libc++";
				CLANG_ENABLE_MODULES = YES;
				CLANG_ENABLE_OBJC_ARC = YES;
				CLANG_ENABLE_OBJC_WEAK = YES;
				CLANG_WARN_BLOCK_CAPTURE_AUTORELEASING = YES;
				CLANG_WARN_BOOL_CONVERSION = YES;
				CLANG_WARN_COMMA = YES;
				CLANG_WARN_CONSTANT_CONVERSION = YES;
				CLANG_WARN_DEPRECATED_OBJC_IMPLEMENTATIONS = YES;
				CLANG_WARN_DIRECT_OBJC_ISA_USAGE = YES_ERROR;
				CLANG_WARN_DOCUMENTATION_COMMENTS = YES;
				CLANG_WARN_EMPTY_BODY = YES;
				CLANG_WARN_ENUM_CONVERSION = YES;
				CLANG_WARN_INFINITE_RECURSION = YES;
				CLANG_WARN_INT_CONVERSION = YES;
				CLANG_WARN_NON_LITERAL_NULL_CONVERSION = YES;
				CLANG_WARN_OBJC_IMPLICIT_RETAIN_SELF = YES;
				CLANG_WARN_OBJC_LITERAL_CONVERSION = YES;
				CLANG_WARN_OBJC_ROOT_CLASS = YES_ERROR;
				CLANG_WARN_RANGE_LOOP_ANALYSIS = YES;
				CLANG_WARN_STRICT_PROTOTYPES = YES;
				CLANG_WARN_SUSPICIOUS_MOVE = YES;
				CLANG_WARN_UNGUARDED_AVAILABILITY = YES_AGGRESSIVE;
				CLANG_WARN_UNREACHABLE_CODE = YES;
				CLANG_WARN__DUPLICATE_METHOD_MATCH = YES;
				COPY_PHASE_STRIP = NO;
				DEBUG_INFORMATION_FORMAT = "dwarf-with-dsym";
				ENABLE_NS_ASSERTIONS = NO;
				ENABLE_STRICT_OBJC_MSGSEND = YES;
				GCC_C_LANGUAGE_STANDARD = gnu11;
				GCC_NO_COMMON_BLOCKS = YES;
				GCC_WARN_64_TO_32_BIT_CONVERSION = YES;
				GCC_WARN_ABOUT_RETURN_TYPE = YES_ERROR;
				GCC_WARN_UNDECLARED_SELECTOR = YES;
				GCC_WARN_UNINITIALIZED_AUTOS = YES_AGGRESSIVE;
				GCC_WARN_UNUSED_FUNCTION = YES;
				GCC_WARN_UNUSED_VARIABLE = YES;
				IPHONEOS_DEPLOYMENT_TARGET = 13.4;
				MTL_ENABLE_DEBUG_INFO = NO;
				MTL_FAST_MATH = YES;
				SDKROOT = iphoneos;
				SWIFT_COMPILATION_MODE = wholemodule;
				SWIFT_OPTIMIZATION_LEVEL = "-O";
				VALIDATE_PRODUCT = YES;
			};
			name = Release;
		};
		33512865247BB4E0005643D4 /* Debug */ = {
			isa = XCBuildConfiguration;
			buildSettings = {
				ASSETCATALOG_COMPILER_APPICON_NAME = AppIcon;
				CODE_SIGN_STYLE = Automatic;
				INFOPLIST_FILE = DemoApplication/Info.plist;
				LD_RUNPATH_SEARCH_PATHS = (
					"$(inherited)",
					"@executable_path/Frameworks",
				);
				PRODUCT_BUNDLE_IDENTIFIER = com.sandeep.DemoApplication;
				PRODUCT_NAME = "$(TARGET_NAME)";
				SWIFT_VERSION = 5.0;
				TARGETED_DEVICE_FAMILY = "1,2";
			};
			name = Debug;
		};
		33512866247BB4E0005643D4 /* Release */ = {
			isa = XCBuildConfiguration;
			buildSettings = {
				ASSETCATALOG_COMPILER_APPICON_NAME = AppIcon;
				CODE_SIGN_STYLE = Automatic;
				INFOPLIST_FILE = DemoApplication/Info.plist;
				LD_RUNPATH_SEARCH_PATHS = (
					"$(inherited)",
					"@executable_path/Frameworks",
				);
				PRODUCT_BUNDLE_IDENTIFIER = com.sandeep.DemoApplication;
				PRODUCT_NAME = "$(TARGET_NAME)";
				SWIFT_VERSION = 5.0;
				TARGETED_DEVICE_FAMILY = "1,2";
			};
			name = Release;
		};
/* End XCBuildConfiguration section */

/* Begin XCConfigurationList section */
		3351284B247BB4DE005643D4 /* Build configuration list for PBXProject "DemoApplication" */ = {
			isa = XCConfigurationList;
			buildConfigurations = (
				33512862247BB4E0005643D4 /* Debug */,
				33512863247BB4E0005643D4 /* Release */,
			);
			defaultConfigurationIsVisible = 0;
			defaultConfigurationName = Release;
		};
		33512864247BB4E0005643D4 /* Build configuration list for PBXNativeTarget "DemoApplication" */ = {
			isa = XCConfigurationList;
			buildConfigurations = (
				33512865247BB4E0005643D4 /* Debug */,
				33512866247BB4E0005643D4 /* Release */,
			);
			defaultConfigurationIsVisible = 0;
			defaultConfigurationName = Release;
		};
/* End XCConfigurationList section */
	};
	rootObject = 33512848247BB4DE005643D4 /* Project object */;
}
